// !$*UTF8*$!
{
	archiveVersion = 1;
	classes = {
	};
	objectVersion = 50;
	objects = {

/* Begin PBXBuildFile section */
		BEA18537267BFA3B00DF7253 /* AppDelegate.swift in Sources */ = {isa = PBXBuildFile; fileRef = BEA18536267BFA3B00DF7253 /* AppDelegate.swift */; };
		BEA18539267BFA3B00DF7253 /* SceneDelegate.swift in Sources */ = {isa = PBXBuildFile; fileRef = BEA18538267BFA3B00DF7253 /* SceneDelegate.swift */; };
		BEA1853B267BFA3B00DF7253 /* ViewController.swift in Sources */ = {isa = PBXBuildFile; fileRef = BEA1853A267BFA3B00DF7253 /* ViewController.swift */; };
		BEA1853E267BFA3B00DF7253 /* Main.storyboard in Resources */ = {isa = PBXBuildFile; fileRef = BEA1853C267BFA3B00DF7253 /* Main.storyboard */; };
		BEA18541267BFA3B00DF7253 /* SunVault.xcdatamodeld in Sources */ = {isa = PBXBuildFile; fileRef = BEA1853F267BFA3B00DF7253 /* SunVault.xcdatamodeld */; };
		BEA18543267BFA3D00DF7253 /* Assets.xcassets in Resources */ = {isa = PBXBuildFile; fileRef = BEA18542267BFA3D00DF7253 /* Assets.xcassets */; };
		BEA18546267BFA3D00DF7253 /* LaunchScreen.storyboard in Resources */ = {isa = PBXBuildFile; fileRef = BEA18544267BFA3D00DF7253 /* LaunchScreen.storyboard */; };
/* End PBXBuildFile section */

/* Begin PBXFileReference section */
		BEA18533267BFA3B00DF7253 /* SunVault.app */ = {isa = PBXFileReference; explicitFileType = wrapper.application; includeInIndex = 0; path = SunVault.app; sourceTree = BUILT_PRODUCTS_DIR; };
		BEA18536267BFA3B00DF7253 /* AppDelegate.swift */ = {isa = PBXFileReference; lastKnownFileType = sourcecode.swift; path = AppDelegate.swift; sourceTree = "<group>"; };
		BEA18538267BFA3B00DF7253 /* SceneDelegate.swift */ = {isa = PBXFileReference; lastKnownFileType = sourcecode.swift; path = SceneDelegate.swift; sourceTree = "<group>"; };
		BEA1853A267BFA3B00DF7253 /* ViewController.swift */ = {isa = PBXFileReference; lastKnownFileType = sourcecode.swift; path = ViewController.swift; sourceTree = "<group>"; };
		BEA1853D267BFA3B00DF7253 /* Base */ = {isa = PBXFileReference; lastKnownFileType = file.storyboard; name = Base; path = Base.lproj/Main.storyboard; sourceTree = "<group>"; };
		BEA18540267BFA3B00DF7253 /* SunVault.xcdatamodel */ = {isa = PBXFileReference; lastKnownFileType = wrapper.xcdatamodel; path = SunVault.xcdatamodel; sourceTree = "<group>"; };
		BEA18542267BFA3D00DF7253 /* Assets.xcassets */ = {isa = PBXFileReference; lastKnownFileType = folder.assetcatalog; path = Assets.xcassets; sourceTree = "<group>"; };
		BEA18545267BFA3D00DF7253 /* Base */ = {isa = PBXFileReference; lastKnownFileType = file.storyboard; name = Base; path = Base.lproj/LaunchScreen.storyboard; sourceTree = "<group>"; };
		BEA18547267BFA3D00DF7253 /* Info.plist */ = {isa = PBXFileReference; lastKnownFileType = text.plist.xml; path = Info.plist; sourceTree = "<group>"; };
/* End PBXFileReference section */

/* Begin PBXFrameworksBuildPhase section */
		BEA18530267BFA3B00DF7253 /* Frameworks */ = {
			isa = PBXFrameworksBuildPhase;
			buildActionMask = 2147483647;
			files = (
			);
			runOnlyForDeploymentPostprocessing = 0;
		};
/* End PBXFrameworksBuildPhase section */

/* Begin PBXGroup section */
		BEA1852A267BFA3B00DF7253 = {
			isa = PBXGroup;
			children = (
				BEA18535267BFA3B00DF7253 /* SunVault */,
				BEA18534267BFA3B00DF7253 /* Products */,
			);
			sourceTree = "<group>";
		};
		BEA18534267BFA3B00DF7253 /* Products */ = {
			isa = PBXGroup;
			children = (
				BEA18533267BFA3B00DF7253 /* SunVault.app */,
			);
			name = Products;
			sourceTree = "<group>";
		};
		BEA18535267BFA3B00DF7253 /* SunVault */ = {
			isa = PBXGroup;
			children = (
				BEA18536267BFA3B00DF7253 /* AppDelegate.swift */,
				BEA18538267BFA3B00DF7253 /* SceneDelegate.swift */,
				BEA1853A267BFA3B00DF7253 /* ViewController.swift */,
				BEA1853C267BFA3B00DF7253 /* Main.storyboard */,
				BEA18542267BFA3D00DF7253 /* Assets.xcassets */,
				BEA18544267BFA3D00DF7253 /* LaunchScreen.storyboard */,
				BEA18547267BFA3D00DF7253 /* Info.plist */,
				BEA1853F267BFA3B00DF7253 /* SunVault.xcdatamodeld */,
			);
			path = SunVault;
			sourceTree = "<group>";
		};
/* End PBXGroup section */

/* Begin PBXNativeTarget section */
		BEA18532267BFA3B00DF7253 /* SunVault */ = {
			isa = PBXNativeTarget;
			buildConfigurationList = BEA1854A267BFA3D00DF7253 /* Build configuration list for PBXNativeTarget "SunVault" */;
			buildPhases = (
				BEA1852F267BFA3B00DF7253 /* Sources */,
				BEA18530267BFA3B00DF7253 /* Frameworks */,
				BEA18531267BFA3B00DF7253 /* Resources */,
			);
			buildRules = (
			);
			dependencies = (
			);
			name = SunVault;
			productName = SunVault;
			productReference = BEA18533267BFA3B00DF7253 /* SunVault.app */;
			productType = "com.apple.product-type.application";
		};
/* End PBXNativeTarget section */

/* Begin PBXProject section */
		BEA1852B267BFA3B00DF7253 /* Project object */ = {
			isa = PBXProject;
			attributes = {
				LastSwiftUpdateCheck = 1240;
				LastUpgradeCheck = 1240;
				TargetAttributes = {
					BEA18532267BFA3B00DF7253 = {
						CreatedOnToolsVersion = 12.4;
					};
				};
			};
			buildConfigurationList = BEA1852E267BFA3B00DF7253 /* Build configuration list for PBXProject "SunVault" */;
			compatibilityVersion = "Xcode 9.3";
			developmentRegion = en;
			hasScannedForEncodings = 0;
			knownRegions = (
				en,
				Base,
			);
			mainGroup = BEA1852A267BFA3B00DF7253;
			productRefGroup = BEA18534267BFA3B00DF7253 /* Products */;
			projectDirPath = "";
			projectRoot = "";
			targets = (
				BEA18532267BFA3B00DF7253 /* SunVault */,
			);
		};
/* End PBXProject section */

/* Begin PBXResourcesBuildPhase section */
		BEA18531267BFA3B00DF7253 /* Resources */ = {
			isa = PBXResourcesBuildPhase;
			buildActionMask = 2147483647;
			files = (
				BEA18546267BFA3D00DF7253 /* LaunchScreen.storyboard in Resources */,
				BEA18543267BFA3D00DF7253 /* Assets.xcassets in Resources */,
				BEA1853E267BFA3B00DF7253 /* Main.storyboard in Resources */,
			);
			runOnlyForDeploymentPostprocessing = 0;
		};
/* End PBXResourcesBuildPhase section */

/* Begin PBXSourcesBuildPhase section */
		BEA1852F267BFA3B00DF7253 /* Sources */ = {
			isa = PBXSourcesBuildPhase;
			buildActionMask = 2147483647;
			files = (
				BEA1853B267BFA3B00DF7253 /* ViewController.swift in Sources */,
				BEA18537267BFA3B00DF7253 /* AppDelegate.swift in Sources */,
				BEA18539267BFA3B00DF7253 /* SceneDelegate.swift in Sources */,
				BEA18541267BFA3B00DF7253 /* SunVault.xcdatamodeld in Sources */,
			);
			runOnlyForDeploymentPostprocessing = 0;
		};
/* End PBXSourcesBuildPhase section */

/* Begin PBXVariantGroup section */
		BEA1853C267BFA3B00DF7253 /* Main.storyboard */ = {
			isa = PBXVariantGroup;
			children = (
				BEA1853D267BFA3B00DF7253 /* Base */,
			);
			name = Main.storyboard;
			sourceTree = "<group>";
		};
		BEA18544267BFA3D00DF7253 /* LaunchScreen.storyboard */ = {
			isa = PBXVariantGroup;
			children = (
				BEA18545267BFA3D00DF7253 /* Base */,
			);
			name = LaunchScreen.storyboard;
			sourceTree = "<group>";
		};
/* End PBXVariantGroup section */

/* Begin XCBuildConfiguration section */
		BEA18548267BFA3D00DF7253 /* Debug */ = {
			isa = XCBuildConfiguration;
			buildSettings = {
				ALWAYS_SEARCH_USER_PATHS = NO;
				CLANG_ANALYZER_NONNULL = YES;
				CLANG_ANALYZER_NUMBER_OBJECT_CONVERSION = YES_AGGRESSIVE;
				CLANG_CXX_LANGUAGE_STANDARD = "gnu++14";
				CLANG_CXX_LIBRARY = "libc++";
				CLANG_ENABLE_MODULES = YES;
				CLANG_ENABLE_OBJC_ARC = YES;
				CLANG_ENABLE_OBJC_WEAK = YES;
				CLANG_WARN_BLOCK_CAPTURE_AUTORELEASING = YES;
				CLANG_WARN_BOOL_CONVERSION = YES;
				CLANG_WARN_COMMA = YES;
				CLANG_WARN_CONSTANT_CONVERSION = YES;
				CLANG_WARN_DEPRECATED_OBJC_IMPLEMENTATIONS = YES;
				CLANG_WARN_DIRECT_OBJC_ISA_USAGE = YES_ERROR;
				CLANG_WARN_DOCUMENTATION_COMMENTS = YES;
				CLANG_WARN_EMPTY_BODY = YES;
				CLANG_WARN_ENUM_CONVERSION = YES;
				CLANG_WARN_INFINITE_RECURSION = YES;
				CLANG_WARN_INT_CONVERSION = YES;
				CLANG_WARN_NON_LITERAL_NULL_CONVERSION = YES;
				CLANG_WARN_OBJC_IMPLICIT_RETAIN_SELF = YES;
				CLANG_WARN_OBJC_LITERAL_CONVERSION = YES;
				CLANG_WARN_OBJC_ROOT_CLASS = YES_ERROR;
				CLANG_WARN_QUOTED_INCLUDE_IN_FRAMEWORK_HEADER = YES;
				CLANG_WARN_RANGE_LOOP_ANALYSIS = YES;
				CLANG_WARN_STRICT_PROTOTYPES = YES;
				CLANG_WARN_SUSPICIOUS_MOVE = YES;
				CLANG_WARN_UNGUARDED_AVAILABILITY = YES_AGGRESSIVE;
				CLANG_WARN_UNREACHABLE_CODE = YES;
				CLANG_WARN__DUPLICATE_METHOD_MATCH = YES;
				COPY_PHASE_STRIP = NO;
				DEBUG_INFORMATION_FORMAT = dwarf;
				ENABLE_STRICT_OBJC_MSGSEND = YES;
				ENABLE_TESTABILITY = YES;
				GCC_C_LANGUAGE_STANDARD = gnu11;
				GCC_DYNAMIC_NO_PIC = NO;
				GCC_NO_COMMON_BLOCKS = YES;
				GCC_OPTIMIZATION_LEVEL = 0;
				GCC_PREPROCESSOR_DEFINITIONS = (
					"DEBUG=1",
					"$(inherited)",
				);
				GCC_WARN_64_TO_32_BIT_CONVERSION = YES;
				GCC_WARN_ABOUT_RETURN_TYPE = YES_ERROR;
				GCC_WARN_UNDECLARED_SELECTOR = YES;
				GCC_WARN_UNINITIALIZED_AUTOS = YES_AGGRESSIVE;
				GCC_WARN_UNUSED_FUNCTION = YES;
				GCC_WARN_UNUSED_VARIABLE = YES;
				IPHONEOS_DEPLOYMENT_TARGET = 14.4;
				MTL_ENABLE_DEBUG_INFO = INCLUDE_SOURCE;
				MTL_FAST_MATH = YES;
				ONLY_ACTIVE_ARCH = YES;
				SDKROOT = iphoneos;
				SWIFT_ACTIVE_COMPILATION_CONDITIONS = DEBUG;
				SWIFT_OPTIMIZATION_LEVEL = "-Onone";
			};
			name = Debug;
		};
		BEA18549267BFA3D00DF7253 /* Release */ = {
			isa = XCBuildConfiguration;
			buildSettings = {
				ALWAYS_SEARCH_USER_PATHS = NO;
				CLANG_ANALYZER_NONNULL = YES;
				CLANG_ANALYZER_NUMBER_OBJECT_CONVERSION = YES_AGGRESSIVE;
				CLANG_CXX_LANGUAGE_STANDARD = "gnu++14";
				CLANG_CXX_LIBRARY = "libc++";
				CLANG_ENABLE_MODULES = YES;
				CLANG_ENABLE_OBJC_ARC = YES;
				CLANG_ENABLE_OBJC_WEAK = YES;
				CLANG_WARN_BLOCK_CAPTURE_AUTORELEASING = YES;
				CLANG_WARN_BOOL_CONVERSION = YES;
				CLANG_WARN_COMMA = YES;
				CLANG_WARN_CONSTANT_CONVERSION = YES;
				CLANG_WARN_DEPRECATED_OBJC_IMPLEMENTATIONS = YES;
				CLANG_WARN_DIRECT_OBJC_ISA_USAGE = YES_ERROR;
				CLANG_WARN_DOCUMENTATION_COMMENTS = YES;
				CLANG_WARN_EMPTY_BODY = YES;
				CLANG_WARN_ENUM_CONVERSION = YES;
				CLANG_WARN_INFINITE_RECURSION = YES;
				CLANG_WARN_INT_CONVERSION = YES;
				CLANG_WARN_NON_LITERAL_NULL_CONVERSION = YES;
				CLANG_WARN_OBJC_IMPLICIT_RETAIN_SELF = YES;
				CLANG_WARN_OBJC_LITERAL_CONVERSION = YES;
				CLANG_WARN_OBJC_ROOT_CLASS = YES_ERROR;
				CLANG_WARN_QUOTED_INCLUDE_IN_FRAMEWORK_HEADER = YES;
				CLANG_WARN_RANGE_LOOP_ANALYSIS = YES;
				CLANG_WARN_STRICT_PROTOTYPES = YES;
				CLANG_WARN_SUSPICIOUS_MOVE = YES;
				CLANG_WARN_UNGUARDED_AVAILABILITY = YES_AGGRESSIVE;
				CLANG_WARN_UNREACHABLE_CODE = YES;
				CLANG_WARN__DUPLICATE_METHOD_MATCH = YES;
				COPY_PHASE_STRIP = NO;
				DEBUG_INFORMATION_FORMAT = "dwarf-with-dsym";
				ENABLE_NS_ASSERTIONS = NO;
				ENABLE_STRICT_OBJC_MSGSEND = YES;
				GCC_C_LANGUAGE_STANDARD = gnu11;
				GCC_NO_COMMON_BLOCKS = YES;
				GCC_WARN_64_TO_32_BIT_CONVERSION = YES;
				GCC_WARN_ABOUT_RETURN_TYPE = YES_ERROR;
				GCC_WARN_UNDECLARED_SELECTOR = YES;
				GCC_WARN_UNINITIALIZED_AUTOS = YES_AGGRESSIVE;
				GCC_WARN_UNUSED_FUNCTION = YES;
				GCC_WARN_UNUSED_VARIABLE = YES;
				IPHONEOS_DEPLOYMENT_TARGET = 14.4;
				MTL_ENABLE_DEBUG_INFO = NO;
				MTL_FAST_MATH = YES;
				SDKROOT = iphoneos;
				SWIFT_COMPILATION_MODE = wholemodule;
				SWIFT_OPTIMIZATION_LEVEL = "-O";
				VALIDATE_PRODUCT = YES;
			};
			name = Release;
		};
		BEA1854B267BFA3D00DF7253 /* Debug */ = {
			isa = XCBuildConfiguration;
			buildSettings = {
				ASSETCATALOG_COMPILER_APPICON_NAME = AppIcon;
				ASSETCATALOG_COMPILER_GLOBAL_ACCENT_COLOR_NAME = AccentColor;
				CODE_SIGN_STYLE = Automatic;
				DEVELOPMENT_TEAM = ZE994RWSUV;
				INFOPLIST_FILE = SunVault/Info.plist;
				LD_RUNPATH_SEARCH_PATHS = (
					"$(inherited)",
					"@executable_path/Frameworks",
				);
				PRODUCT_BUNDLE_IDENTIFIER = com.sunrai.SunVault;
				PRODUCT_NAME = "$(TARGET_NAME)";
				SWIFT_VERSION = 5.0;
				TARGETED_DEVICE_FAMILY = "1,2";
			};
			name = Debug;
		};
		BEA1854C267BFA3D00DF7253 /* Release */ = {
			isa = XCBuildConfiguration;
			buildSettings = {
				ASSETCATALOG_COMPILER_APPICON_NAME = AppIcon;
				ASSETCATALOG_COMPILER_GLOBAL_ACCENT_COLOR_NAME = AccentColor;
				CODE_SIGN_STYLE = Automatic;
				DEVELOPMENT_TEAM = ZE994RWSUV;
				INFOPLIST_FILE = SunVault/Info.plist;
				LD_RUNPATH_SEARCH_PATHS = (
					"$(inherited)",
					"@executable_path/Frameworks",
				);
				PRODUCT_BUNDLE_IDENTIFIER = com.sunrai.SunVault;
				PRODUCT_NAME = "$(TARGET_NAME)";
				SWIFT_VERSION = 5.0;
				TARGETED_DEVICE_FAMILY = "1,2";
			};
			name = Release;
		};
/* End XCBuildConfiguration section */

/* Begin XCConfigurationList section */
		BEA1852E267BFA3B00DF7253 /* Build configuration list for PBXProject "SunVault" */ = {
			isa = XCConfigurationList;
			buildConfigurations = (
				BEA18548267BFA3D00DF7253 /* Debug */,
				BEA18549267BFA3D00DF7253 /* Release */,
			);
			defaultConfigurationIsVisible = 0;
			defaultConfigurationName = Release;
		};
		BEA1854A267BFA3D00DF7253 /* Build configuration list for PBXNativeTarget "SunVault" */ = {
			isa = XCConfigurationList;
			buildConfigurations = (
				BEA1854B267BFA3D00DF7253 /* Debug */,
				BEA1854C267BFA3D00DF7253 /* Release */,
			);
			defaultConfigurationIsVisible = 0;
			defaultConfigurationName = Release;
		};
/* End XCConfigurationList section */

/* Begin XCVersionGroup section */
		BEA1853F267BFA3B00DF7253 /* SunVault.xcdatamodeld */ = {
			isa = XCVersionGroup;
			children = (
				BEA18540267BFA3B00DF7253 /* SunVault.xcdatamodel */,
			);
			currentVersion = BEA18540267BFA3B00DF7253 /* SunVault.xcdatamodel */;
			path = SunVault.xcdatamodeld;
			sourceTree = "<group>";
			versionGroupType = wrapper.xcdatamodel;
		};
/* End XCVersionGroup section */
	};
	rootObject = BEA1852B267BFA3B00DF7253 /* Project object */;
}
